github.com/tnh9570/RPCpackage v1.0.5 h1:Xpb92uFnhK2taIPlKNalq6a/ZPbWuaq81X9avHYniW8=
github.com/tnh9570/RPCpackage v1.0.5/go.mod h1:/NzkAbinKvtSc9pNxfTHUNugwySQUva8aSTw9m366aA=
github.com/tnh9570/RPCpackage v1.0.6 h1:0OmNDFM2tWgFUNekkA81MPIbSeIcQLXEnAVbW9lHqvg=
github.com/tnh9570/RPCpackage v1.0.6/go.mod h1:/NzkAbinKvtSc9pNxfTHUNugwySQUva8aSTw9m366aA=
